Microsoft Visual Studio Solution File, Format Version 12.00
# Visual Studio Version 17
VisualStudioVersion = 17.5.2.0
MinimumVisualStudioVersion = 10.0.40219.1
Project("{FAE04EC0-301F-11D3-BF4B-00C04F79EFBC}") = "upp_2", "upp_2.csproj", "{B88A7DA4-C78D-4FCD-A7A7-9A5C7CF8204B}"
EndProject
Global
	GlobalSection(SolutionConfigurationPlatforms) = preSolution
		Debug|Any CPU = Debug|Any CPU
		Release|Any CPU = Release|Any CPU
	EndGlobalSection
	GlobalSection(ProjectConfigurationPlatforms) = postSolution
		{B88A7DA4-C78D-4FCD-A7A7-9A5C7CF8204B}.Debug|Any CPU.ActiveCfg = Debug|Any CPU
		{B88A7DA4-C78D-4FCD-A7A7-9A5C7CF8204B}.Debug|Any CPU.Build.0 = Debug|Any CPU
		{B88A7DA4-C78D-4FCD-A7A7-9A5C7CF8204B}.Release|Any CPU.ActiveCfg = Release|Any CPU
		{B88A7DA4-C78D-4FCD-A7A7-9A5C7CF8204B}.Release|Any CPU.Build.0 = Release|Any CPU
	EndGlobalSection
	GlobalSection(SolutionProperties) = preSolution
		HideSolutionNode = FALSE
	EndGlobalSection
	GlobalSection(ExtensibilityGlobals) = postSolution
		SolutionGuid = {251188AD-41EE-48CF-B0DC-D09583D7FFB9}
	EndGlobalSection
EndGlobal
