
Microsoft Visual Studio Solution File, Format Version 12.00
# Visual Studio Version 17
VisualStudioVersion = 17.5.2.0
MinimumVisualStudioVersion = 10.0.40219.1
Project("{FAE04EC0-301F-11D3-BF4B-00C04F79EFBC}") = "Bakgrundfärg", "Bakgrundfärg.csproj", "{5DC9B9BF-C07D-6F0D-46E9-12D941342D18}"
EndProject
Global
	GlobalSection(SolutionConfigurationPlatforms) = preSolution
		Debug|Any CPU = Debug|Any CPU
		Release|Any CPU = Release|Any CPU
	EndGlobalSection
	GlobalSection(ProjectConfigurationPlatforms) = postSolution
		{5DC9B9BF-C07D-6F0D-46E9-12D941342D18}.Debug|Any CPU.ActiveCfg = Debug|Any CPU
		{5DC9B9BF-C07D-6F0D-46E9-12D941342D18}.Debug|Any CPU.Build.0 = Debug|Any CPU
		{5DC9B9BF-C07D-6F0D-46E9-12D941342D18}.Release|Any CPU.ActiveCfg = Release|Any CPU
		{5DC9B9BF-C07D-6F0D-46E9-12D941342D18}.Release|Any CPU.Build.0 = Release|Any CPU
	EndGlobalSection
	GlobalSection(SolutionProperties) = preSolution
		HideSolutionNode = FALSE
	EndGlobalSection
	GlobalSection(ExtensibilityGlobals) = postSolution
		SolutionGuid = {42BE31E2-9080-49F6-8AE3-D5FD98BFD8D9}
	EndGlobalSection
EndGlobal
