Microsoft Visual Studio Solution File, Format Version 12.00
# Visual Studio Version 17
VisualStudioVersion = 17.5.2.0
MinimumVisualStudioVersion = 10.0.40219.1
Project("{FAE04EC0-301F-11D3-BF4B-00C04F79EFBC}") = "upp_1", "upp_1.csproj", "{1D69B0BC-262C-D8B7-2510-F925B5FE786B}"
EndProject
Global
	GlobalSection(SolutionConfigurationPlatforms) = preSolution
		Debug|Any CPU = Debug|Any CPU
		Release|Any CPU = Release|Any CPU
	EndGlobalSection
	GlobalSection(ProjectConfigurationPlatforms) = postSolution
		{1D69B0BC-262C-D8B7-2510-F925B5FE786B}.Debug|Any CPU.ActiveCfg = Debug|Any CPU
		{1D69B0BC-262C-D8B7-2510-F925B5FE786B}.Debug|Any CPU.Build.0 = Debug|Any CPU
		{1D69B0BC-262C-D8B7-2510-F925B5FE786B}.Release|Any CPU.ActiveCfg = Release|Any CPU
		{1D69B0BC-262C-D8B7-2510-F925B5FE786B}.Release|Any CPU.Build.0 = Release|Any CPU
	EndGlobalSection
	GlobalSection(SolutionProperties) = preSolution
		HideSolutionNode = FALSE
	EndGlobalSection
	GlobalSection(ExtensibilityGlobals) = postSolution
		SolutionGuid = {3F1DEE0F-C030-43A6-9FE4-68428E349F8B}
	EndGlobalSection
EndGlobal
